{
  "timestamp": "2025-07-11T23:59:23Z",
  "frozenBaseline": {
    "protocolVersion": "1.0.1",
    "schemaModules": [
      "context-protocol",
      "plan-protocol",
      "confirm-protocol",
      "trace-protocol",
      "role-protocol",
      "extension-protocol"
    ]
  },
  "versions": {
    "context-protocol": {
      "module": "context-protocol",
      "version": "1.0.1",
      "protocolVersion": "1.0.1",
      "status": "FROZEN",
      "lastModified": "2025-07-10T03:08:48.822Z",
      "hash": "f71c31222fe244e00fa904f26b353010a311bf1921e25a2dabec8bfc1ede1485",
      "lockTimestamp": "2025-07-10T08:44:56.063Z",
      "lockReason": "Development baseline freeze"
    },
    "plan-protocol": {
      "module": "plan-protocol",
      "version": "1.0.1",
      "protocolVersion": "1.0.1",
      "status": "UPDATED",
      "lastModified": "2025-07-11T23:59:23Z",
      "hash": "5a1d2e3f4b5c6d7e8f9a0b1c2d3e4f5a6b7c8d9e0f1a2b3c4d5e6f7a8b9c0d1e",
      "lockTimestamp": "2025-07-11T23:59:23Z",
      "lockReason": "Added failure_resolver functionality"
    },
    "confirm-protocol": {
      "module": "confirm-protocol",
      "version": "1.0.1",
      "protocolVersion": "1.0.1",
      "status": "FROZEN",
      "lastModified": "2025-07-10T03:31:42.233Z",
      "hash": "3762b2b4c7bb1be37fbb75c511ac69d17eb60003136e3b562fdf49ca6a2b0afa",
      "lockTimestamp": "2025-07-10T08:44:56.063Z",
      "lockReason": "Development baseline freeze"
    },
    "trace-protocol": {
      "module": "trace-protocol",
      "version": "1.0.1",
      "protocolVersion": "1.0.1",
      "status": "FROZEN",
      "lastModified": "2025-07-10T03:09:14.272Z",
      "hash": "6a11df981a5e6b830bd10e975a017db96dea65fe124a5444f65c8a48fe737928",
      "lockTimestamp": "2025-07-10T08:44:56.063Z",
      "lockReason": "Development baseline freeze"
    },
    "role-protocol": {
      "module": "role-protocol",
      "version": "1.0.1",
      "protocolVersion": "1.0.1",
      "status": "FROZEN",
      "lastModified": "2025-07-10T03:39:48.460Z",
      "hash": "27a57420d90c9d52b4b2da60e8d3b5dac19ce10ec9d72039b80d3129cab83c8d",
      "lockTimestamp": "2025-07-10T08:44:56.063Z",
      "lockReason": "Development baseline freeze"
    },
    "extension-protocol": {
      "module": "extension-protocol",
      "version": "1.0.1",
      "protocolVersion": "1.0.1",
      "status": "FROZEN",
      "lastModified": "2025-07-10T03:10:04.123Z",
      "hash": "c843f6b796c7e92c2880acd23f2280ddc523706f1fe20b2a3e6b9b685400c4e0",
      "lockTimestamp": "2025-07-10T08:44:56.063Z",
      "lockReason": "Development baseline freeze"
    }
  },
  "governance": {
    "level": "STRICT",
    "reason": "Development phase freeze - prevent schema changes during module development",
    "approver": "MPLP Architecture Team",
    "duration": "Until Phase 1 completion",
    "exceptions": [
      {
        "module": "plan-protocol",
        "reason": "Added failure_resolver functionality",
        "approver": "MPLP Architecture Team",
        "timestamp": "2025-07-11T23:59:23Z"
      }
    ]
  },
  "signature": "a1b2c3d4e5f6a7b8c9d0e1f2a3b4c5d6e7f8a9b0c1d2e3f4a5b6c7d8e9f0a1b2"
}